{
  "name": "test",
  "lockfileVersion": 2,
  "requires": true,
  "packages": {
    "": {
      "dependencies": {
        "lnv": "^1.0.0",
        "loadnv.js": "^1.0.0"
      }
    },
    "node_modules/lnv": {
      "version": "1.0.0",
      "resolved": "https://registry.npmjs.org/lnv/-/lnv-1.0.0.tgz",
      "integrity": "sha512-aqnRXL49pAeqJm4uMzfsIqrTyM9NxcZzqXD8nLGoQ1+7nmz05piRV0ga4/GplvM/umLSkAg2IIOzdP867KBxxg=="
    },
    "node_modules/loadnv.js": {
      "version": "1.0.0",
      "resolved": "https://registry.npmjs.org/loadnv.js/-/loadnv.js-1.0.0.tgz",
      "integrity": "sha512-mv6+oz5EeZhok3Xc1DOsujOkFO25M9z9PVDvUfOs4MxgvfWQC38+lRRirJUDHbnZTPBJCfJim1qIS1XVewbiNw=="
    }
  },
  "dependencies": {
    "lnv": {
      "version": "1.0.0",
      "resolved": "https://registry.npmjs.org/lnv/-/lnv-1.0.0.tgz",
      "integrity": "sha512-aqnRXL49pAeqJm4uMzfsIqrTyM9NxcZzqXD8nLGoQ1+7nmz05piRV0ga4/GplvM/umLSkAg2IIOzdP867KBxxg=="
    },
    "loadnv.js": {
      "version": "1.0.0",
      "resolved": "https://registry.npmjs.org/loadnv.js/-/loadnv.js-1.0.0.tgz",
      "integrity": "sha512-mv6+oz5EeZhok3Xc1DOsujOkFO25M9z9PVDvUfOs4MxgvfWQC38+lRRirJUDHbnZTPBJCfJim1qIS1XVewbiNw=="
    }
  }
}
